{
  "requires": true,
  "lockfileVersion": 1,
  "dependencies": {
    "timezones-list": {
      "version": "3.0.0",
      "resolved": "https://registry.npmjs.org/timezones-list/-/timezones-list-3.0.0.tgz",
      "integrity": "sha512-TQsbHvSH7Zv6bc2Xl4211fFfo8sL9CmUhKRt/g0zjI7XtdUqlcYDXTC/V28ibkAvO+3d9JDfj245/r5O3lMOvw=="
    }
  }
}
